<?xml version="1.0" encoding="utf-8"?>
<Project ToolsVersion="4.0" xmlns="http://schemas.microsoft.com/developer/msbuild/2003">
  <ItemGroup>
    <Filter Include="Source Files">
      <UniqueIdentifier>{4FC737F1-C7A5-4376-A066-2A32D752A2FF}</UniqueIdentifier>
      <Extensions>cpp;c;cc;cxx;def;odl;idl;hpj;bat;asm;asmx</Extensions>
    </Filter>
    <Filter Include="Header Files">
      <UniqueIdentifier>{93995380-89BD-4b04-88EB-625FBE52EBFB}</UniqueIdentifier>
      <Extensions>h;hpp;hxx;hm;inl;inc;xsd</Extensions>
    </Filter>
    <Filter Include="Resource Files">
      <UniqueIdentifier>{67DA6AB6-F800-4c08-8B7A-83BB121AAD01}</UniqueIdentifier>
      <Extensions>rc;ico;cur;bmp;dlg;rc2;rct;bin;rgs;gif;jpg;jpeg;jpe;resx;tiff;tif;png;wav;mfcribbon-ms</Extensions>
    </Filter>
    <Filter Include="Header Files\package_bgs">
      <UniqueIdentifier>{8cb396e6-81b6-4db9-a1b0-5c2b7c122bd9}</UniqueIdentifier>
    </Filter>
    <Filter Include="Header Files\package_bgs\ae">
      <UniqueIdentifier>{e1ab6d45-3486-42fa-8f51-69a300c0c173}</UniqueIdentifier>
    </Filter>
    <Filter Include="Header Files\package_bgs\av">
      <UniqueIdentifier>{7992fa8c-e616-4e72-b249-6ede4f4291b4}</UniqueIdentifier>
    </Filter>
    <Filter Include="Header Files\package_bgs\db">
      <UniqueIdentifier>{667f4048-d125-4453-9f0c-42f9abd4ed3a}</UniqueIdentifier>
    </Filter>
    <Filter Include="Header Files\package_bgs\dp">
      <UniqueIdentifier>{89c4b817-936b-483c-abed-3e7e7c1fc427}</UniqueIdentifier>
    </Filter>
    <Filter Include="Header Files\package_bgs\lb">
      <UniqueIdentifier>{728fbe82-1489-4878-89ea-a62ba0932204}</UniqueIdentifier>
    </Filter>
    <Filter Include="Header Files\package_bgs\pt">
      <UniqueIdentifier>{6b017402-c47a-49a4-8f57-b5db863e1bde}</UniqueIdentifier>
    </Filter>
    <Filter Include="Header Files\package_bgs\sjn">
      <UniqueIdentifier>{e25c1e03-530d-4c7a-b776-26bf17595213}</UniqueIdentifier>
    </Filter>
    <Filter Include="Header Files\package_bgs\tb">
      <UniqueIdentifier>{53f2c4fb-9468-44ce-b76e-e25ea018c084}</UniqueIdentifier>
    </Filter>
    <Filter Include="Header Files\package_bgs\bl">
      <UniqueIdentifier>{0494c5d4-b4bb-421c-b032-176903ba8e1b}</UniqueIdentifier>
    </Filter>
    <Filter Include="Header Files\package_bgs\ck">
      <UniqueIdentifier>{87961eee-b843-45bd-b642-9dcd9d78b661}</UniqueIdentifier>
    </Filter>
    <Filter Include="Header Files\package_bgs\pl">
      <UniqueIdentifier>{cd33a41f-6151-46a5-95b6-b79022786144}</UniqueIdentifier>
    </Filter>
  </ItemGroup>
  <ItemGroup>
    <ClCompile Include="..\package_bgs\AdaptiveBackgroundLearning.cpp">
      <Filter>Header Files\package_bgs</Filter>
    </ClCompile>
    <ClCompile Include="..\package_bgs\AdaptiveSelectiveBackgroundLearning.cpp">
      <Filter>Header Files\package_bgs</Filter>
    </ClCompile>
    <ClCompile Include="..\package_bgs\FrameDifferenceBGS.cpp">
      <Filter>Header Files\package_bgs</Filter>
    </ClCompile>
    <ClCompile Include="..\package_bgs\GMG.cpp">
      <Filter>Header Files\package_bgs</Filter>
    </ClCompile>
    <ClCompile Include="..\package_bgs\MixtureOfGaussianV1BGS.cpp">
      <Filter>Header Files\package_bgs</Filter>
    </ClCompile>
    <ClCompile Include="..\package_bgs\MixtureOfGaussianV2BGS.cpp">
      <Filter>Header Files\package_bgs</Filter>
    </ClCompile>
    <ClCompile Include="..\package_bgs\StaticFrameDifferenceBGS.cpp">
      <Filter>Header Files\package_bgs</Filter>
    </ClCompile>
    <ClCompile Include="..\package_bgs\WeightedMovingMeanBGS.cpp">
      <Filter>Header Files\package_bgs</Filter>
    </ClCompile>
    <ClCompile Include="..\package_bgs\WeightedMovingVarianceBGS.cpp">
      <Filter>Header Files\package_bgs</Filter>
    </ClCompile>
    <ClCompile Include="..\package_bgs\ae\KDE.cpp">
      <Filter>Header Files\package_bgs\ae</Filter>
    </ClCompile>
    <ClCompile Include="..\package_bgs\ae\KernelTable.cpp">
      <Filter>Header Files\package_bgs\ae</Filter>
    </ClCompile>
    <ClCompile Include="..\package_bgs\ae\NPBGmodel.cpp">
      <Filter>Header Files\package_bgs\ae</Filter>
    </ClCompile>
    <ClCompile Include="..\package_bgs\ae\NPBGSubtractor.cpp">
      <Filter>Header Files\package_bgs\ae</Filter>
    </ClCompile>
    <ClCompile Include="..\package_bgs\av\TBackground.cpp">
      <Filter>Header Files\package_bgs\av</Filter>
    </ClCompile>
    <ClCompile Include="..\package_bgs\av\TBackgroundVuMeter.cpp">
      <Filter>Header Files\package_bgs\av</Filter>
    </ClCompile>
    <ClCompile Include="..\package_bgs\av\VuMeter.cpp">
      <Filter>Header Files\package_bgs\av</Filter>
    </ClCompile>
    <ClCompile Include="..\package_bgs\db\imbs.cpp">
      <Filter>Header Files\package_bgs\db</Filter>
    </ClCompile>
    <ClCompile Include="..\package_bgs\db\IndependentMultimodalBGS.cpp">
      <Filter>Header Files\package_bgs\db</Filter>
    </ClCompile>
    <ClCompile Include="..\package_bgs\dp\AdaptiveMedianBGS.cpp">
      <Filter>Header Files\package_bgs\dp</Filter>
    </ClCompile>
    <ClCompile Include="..\package_bgs\dp\DPAdaptiveMedianBGS.cpp">
      <Filter>Header Files\package_bgs\dp</Filter>
    </ClCompile>
    <ClCompile Include="..\package_bgs\dp\DPEigenbackgroundBGS.cpp">
      <Filter>Header Files\package_bgs\dp</Filter>
    </ClCompile>
    <ClCompile Include="..\package_bgs\dp\DPGrimsonGMMBGS.cpp">
      <Filter>Header Files\package_bgs\dp</Filter>
    </ClCompile>
    <ClCompile Include="..\package_bgs\dp\DPMeanBGS.cpp">
      <Filter>Header Files\package_bgs\dp</Filter>
    </ClCompile>
    <ClCompile Include="..\package_bgs\dp\DPPratiMediodBGS.cpp">
      <Filter>Header Files\package_bgs\dp</Filter>
    </ClCompile>
    <ClCompile Include="..\package_bgs\dp\DPTextureBGS.cpp">
      <Filter>Header Files\package_bgs\dp</Filter>
    </ClCompile>
    <ClCompile Include="..\package_bgs\dp\DPWrenGABGS.cpp">
      <Filter>Header Files\package_bgs\dp</Filter>
    </ClCompile>
    <ClCompile Include="..\package_bgs\dp\DPZivkovicAGMMBGS.cpp">
      <Filter>Header Files\package_bgs\dp</Filter>
    </ClCompile>
    <ClCompile Include="..\package_bgs\dp\Eigenbackground.cpp">
      <Filter>Header Files\package_bgs\dp</Filter>
    </ClCompile>
    <ClCompile Include="..\package_bgs\dp\Error.cpp">
      <Filter>Header Files\package_bgs\dp</Filter>
    </ClCompile>
    <ClCompile Include="..\package_bgs\dp\GrimsonGMM.cpp">
      <Filter>Header Files\package_bgs\dp</Filter>
    </ClCompile>
    <ClCompile Include="..\package_bgs\dp\Image.cpp">
      <Filter>Header Files\package_bgs\dp</Filter>
    </ClCompile>
    <ClCompile Include="..\package_bgs\dp\MeanBGS.cpp">
      <Filter>Header Files\package_bgs\dp</Filter>
    </ClCompile>
    <ClCompile Include="..\package_bgs\dp\PratiMediodBGS.cpp">
      <Filter>Header Files\package_bgs\dp</Filter>
    </ClCompile>
    <ClCompile Include="..\package_bgs\dp\TextureBGS.cpp">
      <Filter>Header Files\package_bgs\dp</Filter>
    </ClCompile>
    <ClCompile Include="..\package_bgs\dp\WrenGA.cpp">
      <Filter>Header Files\package_bgs\dp</Filter>
    </ClCompile>
    <ClCompile Include="..\package_bgs\dp\ZivkovicAGMM.cpp">
      <Filter>Header Files\package_bgs\dp</Filter>
    </ClCompile>
    <ClCompile Include="..\package_bgs\lb\BGModel.cpp">
      <Filter>Header Files\package_bgs\lb</Filter>
    </ClCompile>
    <ClCompile Include="..\package_bgs\lb\BGModelFuzzyGauss.cpp">
      <Filter>Header Files\package_bgs\lb</Filter>
    </ClCompile>
    <ClCompile Include="..\package_bgs\lb\BGModelFuzzySom.cpp">
      <Filter>Header Files\package_bgs\lb</Filter>
    </ClCompile>
    <ClCompile Include="..\package_bgs\lb\BGModelGauss.cpp">
      <Filter>Header Files\package_bgs\lb</Filter>
    </ClCompile>
    <ClCompile Include="..\package_bgs\lb\BGModelMog.cpp">
      <Filter>Header Files\package_bgs\lb</Filter>
    </ClCompile>
    <ClCompile Include="..\package_bgs\lb\BGModelSom.cpp">
      <Filter>Header Files\package_bgs\lb</Filter>
    </ClCompile>
    <ClCompile Include="..\package_bgs\lb\LBAdaptiveSOM.cpp">
      <Filter>Header Files\package_bgs\lb</Filter>
    </ClCompile>
    <ClCompile Include="..\package_bgs\lb\LBFuzzyAdaptiveSOM.cpp">
      <Filter>Header Files\package_bgs\lb</Filter>
    </ClCompile>
    <ClCompile Include="..\package_bgs\lb\LBFuzzyGaussian.cpp">
      <Filter>Header Files\package_bgs\lb</Filter>
    </ClCompile>
    <ClCompile Include="..\package_bgs\lb\LBMixtureOfGaussians.cpp">
      <Filter>Header Files\package_bgs\lb</Filter>
    </ClCompile>
    <ClCompile Include="..\package_bgs\lb\LBSimpleGaussian.cpp">
      <Filter>Header Files\package_bgs\lb</Filter>
    </ClCompile>
    <ClCompile Include="..\package_bgs\sjn\SJN_MultiCueBGS.cpp">
      <Filter>Header Files\package_bgs\sjn</Filter>
    </ClCompile>
    <ClCompile Include="..\package_bgs\tb\FuzzyChoquetIntegral.cpp">
      <Filter>Header Files\package_bgs\tb</Filter>
    </ClCompile>
    <ClCompile Include="..\package_bgs\tb\FuzzySugenoIntegral.cpp">
      <Filter>Header Files\package_bgs\tb</Filter>
    </ClCompile>
    <ClCompile Include="..\package_bgs\tb\FuzzyUtils.cpp">
      <Filter>Header Files\package_bgs\tb</Filter>
    </ClCompile>
    <ClCompile Include="..\package_bgs\tb\MRF.cpp">
      <Filter>Header Files\package_bgs\tb</Filter>
    </ClCompile>
    <ClCompile Include="..\package_bgs\tb\PerformanceUtils.cpp">
      <Filter>Header Files\package_bgs\tb</Filter>
    </ClCompile>
    <ClCompile Include="..\package_bgs\tb\PixelUtils.cpp">
      <Filter>Header Files\package_bgs\tb</Filter>
    </ClCompile>
    <ClCompile Include="..\package_bgs\tb\T2FGMM.cpp">
      <Filter>Header Files\package_bgs\tb</Filter>
    </ClCompile>
    <ClCompile Include="..\package_bgs\tb\T2FGMM_UM.cpp">
      <Filter>Header Files\package_bgs\tb</Filter>
    </ClCompile>
    <ClCompile Include="..\package_bgs\tb\T2FGMM_UV.cpp">
      <Filter>Header Files\package_bgs\tb</Filter>
    </ClCompile>
    <ClCompile Include="..\package_bgs\tb\T2FMRF.cpp">
      <Filter>Header Files\package_bgs\tb</Filter>
    </ClCompile>
    <ClCompile Include="..\package_bgs\tb\T2FMRF_UM.cpp">
      <Filter>Header Files\package_bgs\tb</Filter>
    </ClCompile>
    <ClCompile Include="..\package_bgs\tb\T2FMRF_UV.cpp">
      <Filter>Header Files\package_bgs\tb</Filter>
    </ClCompile>
    <ClCompile Include="..\package_bgs\bl\SigmaDeltaBGS.cpp">
      <Filter>Header Files\package_bgs\bl</Filter>
    </ClCompile>
    <ClCompile Include="..\package_bgs\bl\sdLaMa091.cpp">
      <Filter>Header Files\package_bgs\bl</Filter>
    </ClCompile>
    <ClCompile Include="..\package_bgs\ck\graph.cpp">
      <Filter>Header Files\package_bgs\ck</Filter>
    </ClCompile>
    <ClCompile Include="..\package_bgs\ck\LbpMrf.cpp">
      <Filter>Header Files\package_bgs\ck</Filter>
    </ClCompile>
    <ClCompile Include="..\package_bgs\ck\maxflow.cpp">
      <Filter>Header Files\package_bgs\ck</Filter>
    </ClCompile>
    <ClCompile Include="..\package_bgs\ck\MEDefs.cpp">
      <Filter>Header Files\package_bgs\ck</Filter>
    </ClCompile>
    <ClCompile Include="..\package_bgs\ck\MEHistogram.cpp">
      <Filter>Header Files\package_bgs\ck</Filter>
    </ClCompile>
    <ClCompile Include="..\package_bgs\ck\MEImage.cpp">
      <Filter>Header Files\package_bgs\ck</Filter>
    </ClCompile>
    <ClCompile Include="..\package_bgs\ck\MotionDetection.cpp">
      <Filter>Header Files\package_bgs\ck</Filter>
    </ClCompile>
    <ClCompile Include="..\package_bgs\pl\BackgroundSubtractorLBSP.cpp">
      <Filter>Header Files\package_bgs\pl</Filter>
    </ClCompile>
    <ClCompile Include="..\package_bgs\pl\BackgroundSubtractorLOBSTER.cpp">
      <Filter>Header Files\package_bgs\pl</Filter>
    </ClCompile>
    <ClCompile Include="..\package_bgs\pl\BackgroundSubtractorSuBSENSE.cpp">
      <Filter>Header Files\package_bgs\pl</Filter>
    </ClCompile>
    <ClCompile Include="..\package_bgs\pl\LBSP.cpp">
      <Filter>Header Files\package_bgs\pl</Filter>
    </ClCompile>
    <ClCompile Include="..\package_bgs\pl\LOBSTER.cpp">
      <Filter>Header Files\package_bgs\pl</Filter>
    </ClCompile>
    <ClCompile Include="..\package_bgs\pl\SuBSENSE.cpp">
      <Filter>Header Files\package_bgs\pl</Filter>
    </ClCompile>
    <ClCompile Include="..\Demo2.cpp">
      <Filter>Source Files</Filter>
    </ClCompile>
  </ItemGroup>
  <ItemGroup>
    <ClInclude Include="..\package_bgs\AdaptiveBackgroundLearning.h">
      <Filter>Header Files\package_bgs</Filter>
    </ClInclude>
    <ClInclude Include="..\package_bgs\AdaptiveSelectiveBackgroundLearning.h">
      <Filter>Header Files\package_bgs</Filter>
    </ClInclude>
    <ClInclude Include="..\package_bgs\FrameDifferenceBGS.h">
      <Filter>Header Files\package_bgs</Filter>
    </ClInclude>
    <ClInclude Include="..\package_bgs\GMG.h">
      <Filter>Header Files\package_bgs</Filter>
    </ClInclude>
    <ClInclude Include="..\package_bgs\IBGS.h">
      <Filter>Header Files\package_bgs</Filter>
    </ClInclude>
    <ClInclude Include="..\package_bgs\MixtureOfGaussianV1BGS.h">
      <Filter>Header Files\package_bgs</Filter>
    </ClInclude>
    <ClInclude Include="..\package_bgs\MixtureOfGaussianV2BGS.h">
      <Filter>Header Files\package_bgs</Filter>
    </ClInclude>
    <ClInclude Include="..\package_bgs\StaticFrameDifferenceBGS.h">
      <Filter>Header Files\package_bgs</Filter>
    </ClInclude>
    <ClInclude Include="..\package_bgs\WeightedMovingMeanBGS.h">
      <Filter>Header Files\package_bgs</Filter>
    </ClInclude>
    <ClInclude Include="..\package_bgs\WeightedMovingVarianceBGS.h">
      <Filter>Header Files\package_bgs</Filter>
    </ClInclude>
    <ClInclude Include="..\package_bgs\ae\KDE.h">
      <Filter>Header Files\package_bgs\ae</Filter>
    </ClInclude>
    <ClInclude Include="..\package_bgs\ae\KernelTable.h">
      <Filter>Header Files\package_bgs\ae</Filter>
    </ClInclude>
    <ClInclude Include="..\package_bgs\ae\NPBGmodel.h">
      <Filter>Header Files\package_bgs\ae</Filter>
    </ClInclude>
    <ClInclude Include="..\package_bgs\ae\NPBGSubtractor.h">
      <Filter>Header Files\package_bgs\ae</Filter>
    </ClInclude>
    <ClInclude Include="..\package_bgs\av\TBackground.h">
      <Filter>Header Files\package_bgs\av</Filter>
    </ClInclude>
    <ClInclude Include="..\package_bgs\av\TBackgroundVuMeter.h">
      <Filter>Header Files\package_bgs\av</Filter>
    </ClInclude>
    <ClInclude Include="..\package_bgs\av\VuMeter.h">
      <Filter>Header Files\package_bgs\av</Filter>
    </ClInclude>
    <ClInclude Include="..\package_bgs\db\imbs.hpp">
      <Filter>Header Files\package_bgs\db</Filter>
    </ClInclude>
    <ClInclude Include="..\package_bgs\db\IndependentMultimodalBGS.h">
      <Filter>Header Files\package_bgs\db</Filter>
    </ClInclude>
    <ClInclude Include="..\package_bgs\dp\AdaptiveMedianBGS.h">
      <Filter>Header Files\package_bgs\dp</Filter>
    </ClInclude>
    <ClInclude Include="..\package_bgs\dp\Bgs.h">
      <Filter>Header Files\package_bgs\dp</Filter>
    </ClInclude>
    <ClInclude Include="..\package_bgs\dp\BgsParams.h">
      <Filter>Header Files\package_bgs\dp</Filter>
    </ClInclude>
    <ClInclude Include="..\package_bgs\dp\DPAdaptiveMedianBGS.h">
      <Filter>Header Files\package_bgs\dp</Filter>
    </ClInclude>
    <ClInclude Include="..\package_bgs\dp\DPEigenbackgroundBGS.h">
      <Filter>Header Files\package_bgs\dp</Filter>
    </ClInclude>
    <ClInclude Include="..\package_bgs\dp\DPGrimsonGMMBGS.h">
      <Filter>Header Files\package_bgs\dp</Filter>
    </ClInclude>
    <ClInclude Include="..\package_bgs\dp\DPMeanBGS.h">
      <Filter>Header Files\package_bgs\dp</Filter>
    </ClInclude>
    <ClInclude Include="..\package_bgs\dp\DPPratiMediodBGS.h">
      <Filter>Header Files\package_bgs\dp</Filter>
    </ClInclude>
    <ClInclude Include="..\package_bgs\dp\DPTextureBGS.h">
      <Filter>Header Files\package_bgs\dp</Filter>
    </ClInclude>
    <ClInclude Include="..\package_bgs\dp\DPWrenGABGS.h">
      <Filter>Header Files\package_bgs\dp</Filter>
    </ClInclude>
    <ClInclude Include="..\package_bgs\dp\DPZivkovicAGMMBGS.h">
      <Filter>Header Files\package_bgs\dp</Filter>
    </ClInclude>
    <ClInclude Include="..\package_bgs\dp\Eigenbackground.h">
      <Filter>Header Files\package_bgs\dp</Filter>
    </ClInclude>
    <ClInclude Include="..\package_bgs\dp\Error.h">
      <Filter>Header Files\package_bgs\dp</Filter>
    </ClInclude>
    <ClInclude Include="..\package_bgs\dp\GrimsonGMM.h">
      <Filter>Header Files\package_bgs\dp</Filter>
    </ClInclude>
    <ClInclude Include="..\package_bgs\dp\Image.h">
      <Filter>Header Files\package_bgs\dp</Filter>
    </ClInclude>
    <ClInclude Include="..\package_bgs\dp\MeanBGS.h">
      <Filter>Header Files\package_bgs\dp</Filter>
    </ClInclude>
    <ClInclude Include="..\package_bgs\dp\PratiMediodBGS.h">
      <Filter>Header Files\package_bgs\dp</Filter>
    </ClInclude>
    <ClInclude Include="..\package_bgs\dp\TextureBGS.h">
      <Filter>Header Files\package_bgs\dp</Filter>
    </ClInclude>
    <ClInclude Include="..\package_bgs\dp\WrenGA.h">
      <Filter>Header Files\package_bgs\dp</Filter>
    </ClInclude>
    <ClInclude Include="..\package_bgs\dp\ZivkovicAGMM.h">
      <Filter>Header Files\package_bgs\dp</Filter>
    </ClInclude>
    <ClInclude Include="..\package_bgs\lb\BGModel.h">
      <Filter>Header Files\package_bgs\lb</Filter>
    </ClInclude>
    <ClInclude Include="..\package_bgs\lb\BGModelFuzzyGauss.h">
      <Filter>Header Files\package_bgs\lb</Filter>
    </ClInclude>
    <ClInclude Include="..\package_bgs\lb\BGModelFuzzySom.h">
      <Filter>Header Files\package_bgs\lb</Filter>
    </ClInclude>
    <ClInclude Include="..\package_bgs\lb\BGModelGauss.h">
      <Filter>Header Files\package_bgs\lb</Filter>
    </ClInclude>
    <ClInclude Include="..\package_bgs\lb\BGModelMog.h">
      <Filter>Header Files\package_bgs\lb</Filter>
    </ClInclude>
    <ClInclude Include="..\package_bgs\lb\BGModelSom.h">
      <Filter>Header Files\package_bgs\lb</Filter>
    </ClInclude>
    <ClInclude Include="..\package_bgs\lb\LBAdaptiveSOM.h">
      <Filter>Header Files\package_bgs\lb</Filter>
    </ClInclude>
    <ClInclude Include="..\package_bgs\lb\LBFuzzyAdaptiveSOM.h">
      <Filter>Header Files\package_bgs\lb</Filter>
    </ClInclude>
    <ClInclude Include="..\package_bgs\lb\LBFuzzyGaussian.h">
      <Filter>Header Files\package_bgs\lb</Filter>
    </ClInclude>
    <ClInclude Include="..\package_bgs\lb\LBMixtureOfGaussians.h">
      <Filter>Header Files\package_bgs\lb</Filter>
    </ClInclude>
    <ClInclude Include="..\package_bgs\lb\LBSimpleGaussian.h">
      <Filter>Header Files\package_bgs\lb</Filter>
    </ClInclude>
    <ClInclude Include="..\package_bgs\lb\Types.h">
      <Filter>Header Files\package_bgs\lb</Filter>
    </ClInclude>
    <ClInclude Include="..\package_bgs\sjn\SJN_MultiCueBGS.h">
      <Filter>Header Files\package_bgs\sjn</Filter>
    </ClInclude>
    <ClInclude Include="..\package_bgs\tb\FuzzyChoquetIntegral.h">
      <Filter>Header Files\package_bgs\tb</Filter>
    </ClInclude>
    <ClInclude Include="..\package_bgs\tb\FuzzySugenoIntegral.h">
      <Filter>Header Files\package_bgs\tb</Filter>
    </ClInclude>
    <ClInclude Include="..\package_bgs\tb\FuzzyUtils.h">
      <Filter>Header Files\package_bgs\tb</Filter>
    </ClInclude>
    <ClInclude Include="..\package_bgs\tb\MRF.h">
      <Filter>Header Files\package_bgs\tb</Filter>
    </ClInclude>
    <ClInclude Include="..\package_bgs\tb\PerformanceUtils.h">
      <Filter>Header Files\package_bgs\tb</Filter>
    </ClInclude>
    <ClInclude Include="..\package_bgs\tb\PixelUtils.h">
      <Filter>Header Files\package_bgs\tb</Filter>
    </ClInclude>
    <ClInclude Include="..\package_bgs\tb\T2FGMM.h">
      <Filter>Header Files\package_bgs\tb</Filter>
    </ClInclude>
    <ClInclude Include="..\package_bgs\tb\T2FGMM_UM.h">
      <Filter>Header Files\package_bgs\tb</Filter>
    </ClInclude>
    <ClInclude Include="..\package_bgs\tb\T2FGMM_UV.h">
      <Filter>Header Files\package_bgs\tb</Filter>
    </ClInclude>
    <ClInclude Include="..\package_bgs\tb\T2FMRF.h">
      <Filter>Header Files\package_bgs\tb</Filter>
    </ClInclude>
    <ClInclude Include="..\package_bgs\tb\T2FMRF_UM.h">
      <Filter>Header Files\package_bgs\tb</Filter>
    </ClInclude>
    <ClInclude Include="..\package_bgs\tb\T2FMRF_UV.h">
      <Filter>Header Files\package_bgs\tb</Filter>
    </ClInclude>
    <ClInclude Include="..\package_bgs\bl\sdLaMa091.h">
      <Filter>Header Files\package_bgs\bl</Filter>
    </ClInclude>
    <ClInclude Include="..\package_bgs\bl\SigmaDeltaBGS.h">
      <Filter>Header Files\package_bgs\bl</Filter>
    </ClInclude>
    <ClInclude Include="..\package_bgs\bl\stdbool.h">
      <Filter>Header Files\package_bgs\bl</Filter>
    </ClInclude>
    <ClInclude Include="..\package_bgs\ck\block.h">
      <Filter>Header Files\package_bgs\ck</Filter>
    </ClInclude>
    <ClInclude Include="..\package_bgs\ck\graph.h">
      <Filter>Header Files\package_bgs\ck</Filter>
    </ClInclude>
    <ClInclude Include="..\package_bgs\ck\LbpMrf.h">
      <Filter>Header Files\package_bgs\ck</Filter>
    </ClInclude>
    <ClInclude Include="..\package_bgs\ck\MEDefs.hpp">
      <Filter>Header Files\package_bgs\ck</Filter>
    </ClInclude>
    <ClInclude Include="..\package_bgs\ck\MEHistogram.hpp">
      <Filter>Header Files\package_bgs\ck</Filter>
    </ClInclude>
    <ClInclude Include="..\package_bgs\ck\MEImage.hpp">
      <Filter>Header Files\package_bgs\ck</Filter>
    </ClInclude>
    <ClInclude Include="..\package_bgs\ck\MotionDetection.hpp">
      <Filter>Header Files\package_bgs\ck</Filter>
    </ClInclude>
    <ClInclude Include="..\package_bgs\pl\BackgroundSubtractorLBSP.h">
      <Filter>Header Files\package_bgs\pl</Filter>
    </ClInclude>
    <ClInclude Include="..\package_bgs\pl\BackgroundSubtractorLOBSTER.h">
      <Filter>Header Files\package_bgs\pl</Filter>
    </ClInclude>
    <ClInclude Include="..\package_bgs\pl\BackgroundSubtractorSuBSENSE.h">
      <Filter>Header Files\package_bgs\pl</Filter>
    </ClInclude>
    <ClInclude Include="..\package_bgs\pl\DistanceUtils.h">
      <Filter>Header Files\package_bgs\pl</Filter>
    </ClInclude>
    <ClInclude Include="..\package_bgs\pl\LBSP.h">
      <Filter>Header Files\package_bgs\pl</Filter>
    </ClInclude>
    <ClInclude Include="..\package_bgs\pl\LOBSTER.h">
      <Filter>Header Files\package_bgs\pl</Filter>
    </ClInclude>
    <ClInclude Include="..\package_bgs\pl\RandUtils.h">
      <Filter>Header Files\package_bgs\pl</Filter>
    </ClInclude>
    <ClInclude Include="..\package_bgs\pl\SuBSENSE.h">
      <Filter>Header Files\package_bgs\pl</Filter>
    </ClInclude>
  </ItemGroup>
  <ItemGroup>
    <None Include="..\package_bgs\pl\LBSP_16bits_dbcross_1ch.i">
      <Filter>Header Files\package_bgs\pl</Filter>
    </None>
    <None Include="..\package_bgs\pl\LBSP_16bits_dbcross_3ch1t.i">
      <Filter>Header Files\package_bgs\pl</Filter>
    </None>
    <None Include="..\package_bgs\pl\LBSP_16bits_dbcross_3ch3t.i">
      <Filter>Header Files\package_bgs\pl</Filter>
    </None>
    <None Include="..\package_bgs\pl\LBSP_16bits_dbcross_s3ch.i">
      <Filter>Header Files\package_bgs\pl</Filter>
    </None>
  </ItemGroup>
</Project>